
Microsoft Visual Studio Solution File, Format Version 12.00
# Visual Studio Version 17
VisualStudioVersion = 17.5.002.0
MinimumVisualStudioVersion = 10.0.40219.1
Project("{2150E333-8FDC-42A3-9474-1A3956D46DE8}") = "csharp-prep", "csharp-prep", "{163B1867-BD47-4F1F-AC34-846CF7C8F0E3}"
EndProject
Project("{9A19103F-16F7-4668-BE54-9A1E7A4F7556}") = "Prep1", "csharp-prep\Prep1\Prep1.csproj", "{7ED542C0-75DB-48A2-A203-4F21DCF3FF2A}"
EndProject
Project("{9A19103F-16F7-4668-BE54-9A1E7A4F7556}") = "Prep2", "csharp-prep\Prep2\Prep2.csproj", "{B3A99CD2-C9E6-494C-A884-73C9BD13ADFA}"
EndProject
Project("{9A19103F-16F7-4668-BE54-9A1E7A4F7556}") = "Prep3", "csharp-prep\Prep3\Prep3.csproj", "{05B0C113-FE89-4D13-AE84-9CAC7C44CD58}"
EndProject
Project("{9A19103F-16F7-4668-BE54-9A1E7A4F7556}") = "Prep4", "csharp-prep\Prep4\Prep4.csproj", "{0A72F0C7-72A9-4B79-9029-8A787ECDD6A0}"
EndProject
Project("{9A19103F-16F7-4668-BE54-9A1E7A4F7556}") = "Prep5", "csharp-prep\Prep5\Prep5.csproj", "{1234132D-5530-4E77-8B15-D7C266F3C18F}"
EndProject
Project("{2150E333-8FDC-42A3-9474-1A3956D46DE8}") = "final", "final", "{768DDD5A-72C1-4935-903E-5FA4B7BD6B8E}"
EndProject
Project("{9A19103F-16F7-4668-BE54-9A1E7A4F7556}") = "FinalProject", "final\FinalProject\FinalProject.csproj", "{866F227C-B839-4EA3-A0A6-236B32921B7D}"
EndProject
Project("{9A19103F-16F7-4668-BE54-9A1E7A4F7556}") = "Foundation1", "final\Foundation1\Foundation1.csproj", "{72C3AF8E-3375-4896-A2E1-E13D955E9A21}"
EndProject
Project("{9A19103F-16F7-4668-BE54-9A1E7A4F7556}") = "Foundation2", "final\Foundation2\Foundation2.csproj", "{E9C0CCDF-4259-47A1-B165-B12D49368C35}"
EndProject
Project("{9A19103F-16F7-4668-BE54-9A1E7A4F7556}") = "Foundation3", "final\Foundation3\Foundation3.csproj", "{35F0A159-E493-46AE-80DA-ADD106A08A11}"
EndProject
Project("{9A19103F-16F7-4668-BE54-9A1E7A4F7556}") = "Foundation4", "final\Foundation4\Foundation4.csproj", "{DDA778C8-3035-4A4A-8033-3C3949AB4BA0}"
EndProject
Project("{2150E333-8FDC-42A3-9474-1A3956D46DE8}") = "prepare", "prepare", "{B8C32451-3796-4053-A57A-2DDC140D89BC}"
EndProject
Project("{9A19103F-16F7-4668-BE54-9A1E7A4F7556}") = "Learning02", "prepare\Learning02\Learning02.csproj", "{15711BD3-0790-47AD-B003-623B6F579A4F}"
EndProject
Project("{9A19103F-16F7-4668-BE54-9A1E7A4F7556}") = "Learning03", "prepare\Learning03\Learning03.csproj", "{3CB77E40-095B-4980-97E4-DCC58142727A}"
EndProject
Project("{9A19103F-16F7-4668-BE54-9A1E7A4F7556}") = "Learning04", "prepare\Learning04\Learning04.csproj", "{B168722D-2DAC-4C8A-B6FD-04A1FE682831}"
EndProject
Project("{9A19103F-16F7-4668-BE54-9A1E7A4F7556}") = "Learning05", "prepare\Learning05\Learning05.csproj", "{C5E437FE-1295-46D1-939F-F7CDF260C2DB}"
EndProject
Project("{2150E333-8FDC-42A3-9474-1A3956D46DE8}") = "prove", "prove", "{AB376823-94C7-47C3-8D05-590068097A73}"
EndProject
Project("{9A19103F-16F7-4668-BE54-9A1E7A4F7556}") = "Develop02", "prove\Develop02\Develop02.csproj", "{B9A20D7A-6755-4458-9FE7-3AF089710796}"
EndProject
Project("{9A19103F-16F7-4668-BE54-9A1E7A4F7556}") = "Develop03", "prove\Develop03\Develop03.csproj", "{CD7BE809-C119-4FAA-A702-5980BFFC27DF}"
EndProject
Project("{9A19103F-16F7-4668-BE54-9A1E7A4F7556}") = "Develop04", "prove\Develop04\Develop04.csproj", "{8737215A-DA13-424F-9B55-036A5FB7CA94}"
EndProject
Project("{9A19103F-16F7-4668-BE54-9A1E7A4F7556}") = "Develop05", "prove\Develop05\Develop05.csproj", "{8762845F-A656-47E9-AFC5-A64C21F3BEB9}"
EndProject
Project("{2150E333-8FDC-42A3-9474-1A3956D46DE8}") = "sandbox", "sandbox", "{2C15927C-456D-4786-AD04-A7A752399A6B}"
EndProject
Project("{9A19103F-16F7-4668-BE54-9A1E7A4F7556}") = "Sandbox", "sandbox\Sandbox\Sandbox.csproj", "{44CB7DFA-DDF1-4AF7-AFCC-4A22E7C01B76}"
EndProject
Global
	GlobalSection(SolutionConfigurationPlatforms) = preSolution
		Debug|Any CPU = Debug|Any CPU
		Release|Any CPU = Release|Any CPU
	EndGlobalSection
	GlobalSection(ProjectConfigurationPlatforms) = postSolution
		{7ED542C0-75DB-48A2-A203-4F21DCF3FF2A}.Debug|Any CPU.ActiveCfg = Debug|Any CPU
		{7ED542C0-75DB-48A2-A203-4F21DCF3FF2A}.Debug|Any CPU.Build.0 = Debug|Any CPU
		{7ED542C0-75DB-48A2-A203-4F21DCF3FF2A}.Release|Any CPU.ActiveCfg = Release|Any CPU
		{7ED542C0-75DB-48A2-A203-4F21DCF3FF2A}.Release|Any CPU.Build.0 = Release|Any CPU
		{B3A99CD2-C9E6-494C-A884-73C9BD13ADFA}.Debug|Any CPU.ActiveCfg = Debug|Any CPU
		{B3A99CD2-C9E6-494C-A884-73C9BD13ADFA}.Debug|Any CPU.Build.0 = Debug|Any CPU
		{B3A99CD2-C9E6-494C-A884-73C9BD13ADFA}.Release|Any CPU.ActiveCfg = Release|Any CPU
		{B3A99CD2-C9E6-494C-A884-73C9BD13ADFA}.Release|Any CPU.Build.0 = Release|Any CPU
		{05B0C113-FE89-4D13-AE84-9CAC7C44CD58}.Debug|Any CPU.ActiveCfg = Debug|Any CPU
		{05B0C113-FE89-4D13-AE84-9CAC7C44CD58}.Debug|Any CPU.Build.0 = Debug|Any CPU
		{05B0C113-FE89-4D13-AE84-9CAC7C44CD58}.Release|Any CPU.ActiveCfg = Release|Any CPU
		{05B0C113-FE89-4D13-AE84-9CAC7C44CD58}.Release|Any CPU.Build.0 = Release|Any CPU
		{0A72F0C7-72A9-4B79-9029-8A787ECDD6A0}.Debug|Any CPU.ActiveCfg = Debug|Any CPU
		{0A72F0C7-72A9-4B79-9029-8A787ECDD6A0}.Debug|Any CPU.Build.0 = Debug|Any CPU
		{0A72F0C7-72A9-4B79-9029-8A787ECDD6A0}.Release|Any CPU.ActiveCfg = Release|Any CPU
		{0A72F0C7-72A9-4B79-9029-8A787ECDD6A0}.Release|Any CPU.Build.0 = Release|Any CPU
		{1234132D-5530-4E77-8B15-D7C266F3C18F}.Debug|Any CPU.ActiveCfg = Debug|Any CPU
		{1234132D-5530-4E77-8B15-D7C266F3C18F}.Debug|Any CPU.Build.0 = Debug|Any CPU
		{1234132D-5530-4E77-8B15-D7C266F3C18F}.Release|Any CPU.ActiveCfg = Release|Any CPU
		{1234132D-5530-4E77-8B15-D7C266F3C18F}.Release|Any CPU.Build.0 = Release|Any CPU
		{866F227C-B839-4EA3-A0A6-236B32921B7D}.Debug|Any CPU.ActiveCfg = Debug|Any CPU
		{866F227C-B839-4EA3-A0A6-236B32921B7D}.Debug|Any CPU.Build.0 = Debug|Any CPU
		{866F227C-B839-4EA3-A0A6-236B32921B7D}.Release|Any CPU.ActiveCfg = Release|Any CPU
		{866F227C-B839-4EA3-A0A6-236B32921B7D}.Release|Any CPU.Build.0 = Release|Any CPU
		{72C3AF8E-3375-4896-A2E1-E13D955E9A21}.Debug|Any CPU.ActiveCfg = Debug|Any CPU
		{72C3AF8E-3375-4896-A2E1-E13D955E9A21}.Debug|Any CPU.Build.0 = Debug|Any CPU
		{72C3AF8E-3375-4896-A2E1-E13D955E9A21}.Release|Any CPU.ActiveCfg = Release|Any CPU
		{72C3AF8E-3375-4896-A2E1-E13D955E9A21}.Release|Any CPU.Build.0 = Release|Any CPU
		{E9C0CCDF-4259-47A1-B165-B12D49368C35}.Debug|Any CPU.ActiveCfg = Debug|Any CPU
		{E9C0CCDF-4259-47A1-B165-B12D49368C35}.Debug|Any CPU.Build.0 = Debug|Any CPU
		{E9C0CCDF-4259-47A1-B165-B12D49368C35}.Release|Any CPU.ActiveCfg = Release|Any CPU
		{E9C0CCDF-4259-47A1-B165-B12D49368C35}.Release|Any CPU.Build.0 = Release|Any CPU
		{35F0A159-E493-46AE-80DA-ADD106A08A11}.Debug|Any CPU.ActiveCfg = Debug|Any CPU
		{35F0A159-E493-46AE-80DA-ADD106A08A11}.Debug|Any CPU.Build.0 = Debug|Any CPU
		{35F0A159-E493-46AE-80DA-ADD106A08A11}.Release|Any CPU.ActiveCfg = Release|Any CPU
		{35F0A159-E493-46AE-80DA-ADD106A08A11}.Release|Any CPU.Build.0 = Release|Any CPU
		{DDA778C8-3035-4A4A-8033-3C3949AB4BA0}.Debug|Any CPU.ActiveCfg = Debug|Any CPU
		{DDA778C8-3035-4A4A-8033-3C3949AB4BA0}.Debug|Any CPU.Build.0 = Debug|Any CPU
		{DDA778C8-3035-4A4A-8033-3C3949AB4BA0}.Release|Any CPU.ActiveCfg = Release|Any CPU
		{DDA778C8-3035-4A4A-8033-3C3949AB4BA0}.Release|Any CPU.Build.0 = Release|Any CPU
		{15711BD3-0790-47AD-B003-623B6F579A4F}.Debug|Any CPU.ActiveCfg = Debug|Any CPU
		{15711BD3-0790-47AD-B003-623B6F579A4F}.Debug|Any CPU.Build.0 = Debug|Any CPU
		{15711BD3-0790-47AD-B003-623B6F579A4F}.Release|Any CPU.ActiveCfg = Release|Any CPU
		{15711BD3-0790-47AD-B003-623B6F579A4F}.Release|Any CPU.Build.0 = Release|Any CPU
		{3CB77E40-095B-4980-97E4-DCC58142727A}.Debug|Any CPU.ActiveCfg = Debug|Any CPU
		{3CB77E40-095B-4980-97E4-DCC58142727A}.Debug|Any CPU.Build.0 = Debug|Any CPU
		{3CB77E40-095B-4980-97E4-DCC58142727A}.Release|Any CPU.ActiveCfg = Release|Any CPU
		{3CB77E40-095B-4980-97E4-DCC58142727A}.Release|Any CPU.Build.0 = Release|Any CPU
		{B168722D-2DAC-4C8A-B6FD-04A1FE682831}.Debug|Any CPU.ActiveCfg = Debug|Any CPU
		{B168722D-2DAC-4C8A-B6FD-04A1FE682831}.Debug|Any CPU.Build.0 = Debug|Any CPU
		{B168722D-2DAC-4C8A-B6FD-04A1FE682831}.Release|Any CPU.ActiveCfg = Release|Any CPU
		{B168722D-2DAC-4C8A-B6FD-04A1FE682831}.Release|Any CPU.Build.0 = Release|Any CPU
		{C5E437FE-1295-46D1-939F-F7CDF260C2DB}.Debug|Any CPU.ActiveCfg = Debug|Any CPU
		{C5E437FE-1295-46D1-939F-F7CDF260C2DB}.Debug|Any CPU.Build.0 = Debug|Any CPU
		{C5E437FE-1295-46D1-939F-F7CDF260C2DB}.Release|Any CPU.ActiveCfg = Release|Any CPU
		{C5E437FE-1295-46D1-939F-F7CDF260C2DB}.Release|Any CPU.Build.0 = Release|Any CPU
		{B9A20D7A-6755-4458-9FE7-3AF089710796}.Debug|Any CPU.ActiveCfg = Debug|Any CPU
		{B9A20D7A-6755-4458-9FE7-3AF089710796}.Debug|Any CPU.Build.0 = Debug|Any CPU
		{B9A20D7A-6755-4458-9FE7-3AF089710796}.Release|Any CPU.ActiveCfg = Release|Any CPU
		{B9A20D7A-6755-4458-9FE7-3AF089710796}.Release|Any CPU.Build.0 = Release|Any CPU
		{CD7BE809-C119-4FAA-A702-5980BFFC27DF}.Debug|Any CPU.ActiveCfg = Debug|Any CPU
		{CD7BE809-C119-4FAA-A702-5980BFFC27DF}.Debug|Any CPU.Build.0 = Debug|Any CPU
		{CD7BE809-C119-4FAA-A702-5980BFFC27DF}.Release|Any CPU.ActiveCfg = Release|Any CPU
		{CD7BE809-C119-4FAA-A702-5980BFFC27DF}.Release|Any CPU.Build.0 = Release|Any CPU
		{8737215A-DA13-424F-9B55-036A5FB7CA94}.Debug|Any CPU.ActiveCfg = Debug|Any CPU
		{8737215A-DA13-424F-9B55-036A5FB7CA94}.Debug|Any CPU.Build.0 = Debug|Any CPU
		{8737215A-DA13-424F-9B55-036A5FB7CA94}.Release|Any CPU.ActiveCfg = Release|Any CPU
		{8737215A-DA13-424F-9B55-036A5FB7CA94}.Release|Any CPU.Build.0 = Release|Any CPU
		{8762845F-A656-47E9-AFC5-A64C21F3BEB9}.Debug|Any CPU.ActiveCfg = Debug|Any CPU
		{8762845F-A656-47E9-AFC5-A64C21F3BEB9}.Debug|Any CPU.Build.0 = Debug|Any CPU
		{8762845F-A656-47E9-AFC5-A64C21F3BEB9}.Release|Any CPU.ActiveCfg = Release|Any CPU
		{8762845F-A656-47E9-AFC5-A64C21F3BEB9}.Release|Any CPU.Build.0 = Release|Any CPU
		{44CB7DFA-DDF1-4AF7-AFCC-4A22E7C01B76}.Debug|Any CPU.ActiveCfg = Debug|Any CPU
		{44CB7DFA-DDF1-4AF7-AFCC-4A22E7C01B76}.Debug|Any CPU.Build.0 = Debug|Any CPU
		{44CB7DFA-DDF1-4AF7-AFCC-4A22E7C01B76}.Release|Any CPU.ActiveCfg = Release|Any CPU
		{44CB7DFA-DDF1-4AF7-AFCC-4A22E7C01B76}.Release|Any CPU.Build.0 = Release|Any CPU
	EndGlobalSection
	GlobalSection(SolutionProperties) = preSolution
		HideSolutionNode = FALSE
	EndGlobalSection
	GlobalSection(NestedProjects) = preSolution
		{7ED542C0-75DB-48A2-A203-4F21DCF3FF2A} = {163B1867-BD47-4F1F-AC34-846CF7C8F0E3}
		{B3A99CD2-C9E6-494C-A884-73C9BD13ADFA} = {163B1867-BD47-4F1F-AC34-846CF7C8F0E3}
		{05B0C113-FE89-4D13-AE84-9CAC7C44CD58} = {163B1867-BD47-4F1F-AC34-846CF7C8F0E3}
		{0A72F0C7-72A9-4B79-9029-8A787ECDD6A0} = {163B1867-BD47-4F1F-AC34-846CF7C8F0E3}
		{1234132D-5530-4E77-8B15-D7C266F3C18F} = {163B1867-BD47-4F1F-AC34-846CF7C8F0E3}
		{866F227C-B839-4EA3-A0A6-236B32921B7D} = {768DDD5A-72C1-4935-903E-5FA4B7BD6B8E}
		{72C3AF8E-3375-4896-A2E1-E13D955E9A21} = {768DDD5A-72C1-4935-903E-5FA4B7BD6B8E}
		{E9C0CCDF-4259-47A1-B165-B12D49368C35} = {768DDD5A-72C1-4935-903E-5FA4B7BD6B8E}
		{35F0A159-E493-46AE-80DA-ADD106A08A11} = {768DDD5A-72C1-4935-903E-5FA4B7BD6B8E}
		{DDA778C8-3035-4A4A-8033-3C3949AB4BA0} = {768DDD5A-72C1-4935-903E-5FA4B7BD6B8E}
		{15711BD3-0790-47AD-B003-623B6F579A4F} = {B8C32451-3796-4053-A57A-2DDC140D89BC}
		{3CB77E40-095B-4980-97E4-DCC58142727A} = {B8C32451-3796-4053-A57A-2DDC140D89BC}
		{B168722D-2DAC-4C8A-B6FD-04A1FE682831} = {B8C32451-3796-4053-A57A-2DDC140D89BC}
		{C5E437FE-1295-46D1-939F-F7CDF260C2DB} = {B8C32451-3796-4053-A57A-2DDC140D89BC}
		{B9A20D7A-6755-4458-9FE7-3AF089710796} = {AB376823-94C7-47C3-8D05-590068097A73}
		{CD7BE809-C119-4FAA-A702-5980BFFC27DF} = {AB376823-94C7-47C3-8D05-590068097A73}
		{8737215A-DA13-424F-9B55-036A5FB7CA94} = {AB376823-94C7-47C3-8D05-590068097A73}
		{8762845F-A656-47E9-AFC5-A64C21F3BEB9} = {AB376823-94C7-47C3-8D05-590068097A73}
		{44CB7DFA-DDF1-4AF7-AFCC-4A22E7C01B76} = {2C15927C-456D-4786-AD04-A7A752399A6B}
	EndGlobalSection
	GlobalSection(ExtensibilityGlobals) = postSolution
		SolutionGuid = {5FD14EED-E454-45F7-9B76-DB33E4C1A27E}
	EndGlobalSection
EndGlobal
